GEM
  remote: https://rubygems.org/
  specs:
    mustermann (3.0.2)
    rack (3.2.1)
    rack-protection (4.1.1)
      rack (>= 3.2.0, < 4)
    ruby2_keywords (0.0.5)
    sinatra (4.1.1)
      logger (~> 1.6)
      mustermann (~> 3.0)
      rack (>= 3.2.0, < 4)
      rack-protection (= 4.1.1)
      tilt (~> 2.0)
    stripe (18.0.0)
      json (>= 1.8.0)
    tilt (2.4.0)

PLATFORMS
  ruby

DEPENDENCIES
  sinatra
  stripe (~> 18.0)

BUNDLED WITH
   2.5.22
